
Microsoft Visual Studio Solution File, Format Version 12.00
# Visual Studio Version 17
VisualStudioVersion = 17.8.34330.188
MinimumVisualStudioVersion = 10.0.40219.1
Project("{FAE04EC0-301F-11D3-BF4B-00C04F79EFBC}") = "Ogechi_Ikediashi_PROG8051_Gem_Hunters_A2", "Ogechi_Ikediashi_PROG8051_Gem_Hunters_A2\Ogechi_Ikediashi_PROG8051_Gem_Hunters_A2.csproj", "{72EF06E6-E0F5-48B4-8461-73FBCF09550B}"
EndProject
Global
	GlobalSection(SolutionConfigurationPlatforms) = preSolution
		Debug|Any CPU = Debug|Any CPU
		Release|Any CPU = Release|Any CPU
	EndGlobalSection
	GlobalSection(ProjectConfigurationPlatforms) = postSolution
		{72EF06E6-E0F5-48B4-8461-73FBCF09550B}.Debug|Any CPU.ActiveCfg = Debug|Any CPU
		{72EF06E6-E0F5-48B4-8461-73FBCF09550B}.Debug|Any CPU.Build.0 = Debug|Any CPU
		{72EF06E6-E0F5-48B4-8461-73FBCF09550B}.Release|Any CPU.ActiveCfg = Release|Any CPU
		{72EF06E6-E0F5-48B4-8461-73FBCF09550B}.Release|Any CPU.Build.0 = Release|Any CPU
	EndGlobalSection
	GlobalSection(SolutionProperties) = preSolution
		HideSolutionNode = FALSE
	EndGlobalSection
	GlobalSection(ExtensibilityGlobals) = postSolution
		SolutionGuid = {C3720B4A-6287-4288-B114-B975F0692115}
	EndGlobalSection
EndGlobal
